// !$*UTF8*$!
{
	archiveVersion = 1;
	classes = {
	};
	objectVersion = 50;
	objects = {

/* Begin PBXBuildFile section */
		65371AAA25460AF5004ED9CD /* ScanSelectionView.swift in Sources */ = {isa = PBXBuildFile; fileRef = 65371AA925460AF5004ED9CD /* ScanSelectionView.swift */; };
		65371AB025460B54004ED9CD /* MetalView.swift in Sources */ = {isa = PBXBuildFile; fileRef = 65371AAF25460B54004ED9CD /* MetalView.swift */; };
		6565E0332546315600E875D3 /* MainView.swift in Sources */ = {isa = PBXBuildFile; fileRef = 6565E0322546315600E875D3 /* MainView.swift */; };
		6565E03D2546385B00E875D3 /* Models.swift in Sources */ = {isa = PBXBuildFile; fileRef = 6565E03C2546385B00E875D3 /* Models.swift */; };
		6565E05C25465B2200E875D3 /* NetworkManager.swift in Sources */ = {isa = PBXBuildFile; fileRef = 6565E05B25465B2200E875D3 /* NetworkManager.swift */; };
		65BBB549254369E90034410E /* NSG_Metal_Render3DApp.swift in Sources */ = {isa = PBXBuildFile; fileRef = 65BBB548254369E90034410E /* NSG_Metal_Render3DApp.swift */; };
		65BBB54B254369E90034410E /* LoginView.swift in Sources */ = {isa = PBXBuildFile; fileRef = 65BBB54A254369E90034410E /* LoginView.swift */; };
		65BBB54D254369EA0034410E /* Assets.xcassets in Resources */ = {isa = PBXBuildFile; fileRef = 65BBB54C254369EA0034410E /* Assets.xcassets */; };
		65BBB550254369EA0034410E /* Preview Assets.xcassets in Resources */ = {isa = PBXBuildFile; fileRef = 65BBB54F254369EA0034410E /* Preview Assets.xcassets */; };
		65BBB55B254369EA0034410E /* NSG_Metal_Render3DTests.swift in Sources */ = {isa = PBXBuildFile; fileRef = 65BBB55A254369EA0034410E /* NSG_Metal_Render3DTests.swift */; };
		65BBB566254369EA0034410E /* NSG_Metal_Render3DUITests.swift in Sources */ = {isa = PBXBuildFile; fileRef = 65BBB565254369EA0034410E /* NSG_Metal_Render3DUITests.swift */; };
		65BBB57725436A6F0034410E /* main.storyboard in Resources */ = {isa = PBXBuildFile; fileRef = 65BBB57625436A6F0034410E /* main.storyboard */; };
/* End PBXBuildFile section */

/* Begin PBXContainerItemProxy section */
		65BBB557254369EA0034410E /* PBXContainerItemProxy */ = {
			isa = PBXContainerItemProxy;
			containerPortal = 65BBB53D254369E90034410E /* Project object */;
			proxyType = 1;
			remoteGlobalIDString = 65BBB544254369E90034410E;
			remoteInfo = NSG_Metal_Render3D;
		};
		65BBB562254369EA0034410E /* PBXContainerItemProxy */ = {
			isa = PBXContainerItemProxy;
			containerPortal = 65BBB53D254369E90034410E /* Project object */;
			proxyType = 1;
			remoteGlobalIDString = 65BBB544254369E90034410E;
			remoteInfo = NSG_Metal_Render3D;
		};
/* End PBXContainerItemProxy section */

/* Begin PBXFileReference section */
		65371AA925460AF5004ED9CD /* ScanSelectionView.swift */ = {isa = PBXFileReference; lastKnownFileType = sourcecode.swift; path = ScanSelectionView.swift; sourceTree = "<group>"; };
		65371AAF25460B54004ED9CD /* MetalView.swift */ = {isa = PBXFileReference; lastKnownFileType = sourcecode.swift; path = MetalView.swift; sourceTree = "<group>"; };
		6565E0322546315600E875D3 /* MainView.swift */ = {isa = PBXFileReference; lastKnownFileType = sourcecode.swift; path = MainView.swift; sourceTree = "<group>"; };
		6565E03C2546385B00E875D3 /* Models.swift */ = {isa = PBXFileReference; lastKnownFileType = sourcecode.swift; path = Models.swift; sourceTree = "<group>"; };
		6565E05B25465B2200E875D3 /* NetworkManager.swift */ = {isa = PBXFileReference; lastKnownFileType = sourcecode.swift; path = NetworkManager.swift; sourceTree = "<group>"; };
		65BBB545254369E90034410E /* NSG_Metal_Render3D.app */ = {isa = PBXFileReference; explicitFileType = wrapper.application; includeInIndex = 0; path = NSG_Metal_Render3D.app; sourceTree = BUILT_PRODUCTS_DIR; };
		65BBB548254369E90034410E /* NSG_Metal_Render3DApp.swift */ = {isa = PBXFileReference; lastKnownFileType = sourcecode.swift; path = NSG_Metal_Render3DApp.swift; sourceTree = "<group>"; };
		65BBB54A254369E90034410E /* LoginView.swift */ = {isa = PBXFileReference; lastKnownFileType = sourcecode.swift; path = LoginView.swift; sourceTree = "<group>"; };
		65BBB54C254369EA0034410E /* Assets.xcassets */ = {isa = PBXFileReference; lastKnownFileType = folder.assetcatalog; path = Assets.xcassets; sourceTree = "<group>"; };
		65BBB54F254369EA0034410E /* Preview Assets.xcassets */ = {isa = PBXFileReference; lastKnownFileType = folder.assetcatalog; path = "Preview Assets.xcassets"; sourceTree = "<group>"; };
		65BBB551254369EA0034410E /* Info.plist */ = {isa = PBXFileReference; lastKnownFileType = text.plist.xml; path = Info.plist; sourceTree = "<group>"; };
		65BBB556254369EA0034410E /* NSG_Metal_Render3DTests.xctest */ = {isa = PBXFileReference; explicitFileType = wrapper.cfbundle; includeInIndex = 0; path = NSG_Metal_Render3DTests.xctest; sourceTree = BUILT_PRODUCTS_DIR; };
		65BBB55A254369EA0034410E /* NSG_Metal_Render3DTests.swift */ = {isa = PBXFileReference; lastKnownFileType = sourcecode.swift; path = NSG_Metal_Render3DTests.swift; sourceTree = "<group>"; };
		65BBB55C254369EA0034410E /* Info.plist */ = {isa = PBXFileReference; lastKnownFileType = text.plist.xml; path = Info.plist; sourceTree = "<group>"; };
		65BBB561254369EA0034410E /* NSG_Metal_Render3DUITests.xctest */ = {isa = PBXFileReference; explicitFileType = wrapper.cfbundle; includeInIndex = 0; path = NSG_Metal_Render3DUITests.xctest; sourceTree = BUILT_PRODUCTS_DIR; };
		65BBB565254369EA0034410E /* NSG_Metal_Render3DUITests.swift */ = {isa = PBXFileReference; lastKnownFileType = sourcecode.swift; path = NSG_Metal_Render3DUITests.swift; sourceTree = "<group>"; };
		65BBB567254369EA0034410E /* Info.plist */ = {isa = PBXFileReference; lastKnownFileType = text.plist.xml; path = Info.plist; sourceTree = "<group>"; };
		65BBB57625436A6F0034410E /* main.storyboard */ = {isa = PBXFileReference; lastKnownFileType = file.storyboard; path = main.storyboard; sourceTree = "<group>"; };
/* End PBXFileReference section */

/* Begin PBXFrameworksBuildPhase section */
		65BBB542254369E90034410E /* Frameworks */ = {
			isa = PBXFrameworksBuildPhase;
			buildActionMask = 2147483647;
			files = (
			);
			runOnlyForDeploymentPostprocessing = 0;
		};
		65BBB553254369EA0034410E /* Frameworks */ = {
			isa = PBXFrameworksBuildPhase;
			buildActionMask = 2147483647;
			files = (
			);
			runOnlyForDeploymentPostprocessing = 0;
		};
		65BBB55E254369EA0034410E /* Frameworks */ = {
			isa = PBXFrameworksBuildPhase;
			buildActionMask = 2147483647;
			files = (
			);
			runOnlyForDeploymentPostprocessing = 0;
		};
/* End PBXFrameworksBuildPhase section */

/* Begin PBXGroup section */
		65371AAE25460B39004ED9CD /* Views */ = {
			isa = PBXGroup;
			children = (
				65371AA925460AF5004ED9CD /* ScanSelectionView.swift */,
				65BBB54A254369E90034410E /* LoginView.swift */,
				65371AAF25460B54004ED9CD /* MetalView.swift */,
				6565E0322546315600E875D3 /* MainView.swift */,
			);
			path = Views;
			sourceTree = "<group>";
		};
		6565E03B2546384100E875D3 /* Models */ = {
			isa = PBXGroup;
			children = (
				6565E03C2546385B00E875D3 /* Models.swift */,
				6565E05B25465B2200E875D3 /* NetworkManager.swift */,
			);
			path = Models;
			sourceTree = "<group>";
		};
		65BBB53C254369E90034410E = {
			isa = PBXGroup;
			children = (
				65BBB57625436A6F0034410E /* main.storyboard */,
				65BBB547254369E90034410E /* NSG_Metal_Render3D */,
				65BBB559254369EA0034410E /* NSG_Metal_Render3DTests */,
				65BBB564254369EA0034410E /* NSG_Metal_Render3DUITests */,
				65BBB546254369E90034410E /* Products */,
			);
			sourceTree = "<group>";
		};
		65BBB546254369E90034410E /* Products */ = {
			isa = PBXGroup;
			children = (
				65BBB545254369E90034410E /* NSG_Metal_Render3D.app */,
				65BBB556254369EA0034410E /* NSG_Metal_Render3DTests.xctest */,
				65BBB561254369EA0034410E /* NSG_Metal_Render3DUITests.xctest */,
			);
			name = Products;
			sourceTree = "<group>";
		};
		65BBB547254369E90034410E /* NSG_Metal_Render3D */ = {
			isa = PBXGroup;
			children = (
				6565E03B2546384100E875D3 /* Models */,
				65371AAE25460B39004ED9CD /* Views */,
				65BBB548254369E90034410E /* NSG_Metal_Render3DApp.swift */,
				65BBB54C254369EA0034410E /* Assets.xcassets */,
				65BBB551254369EA0034410E /* Info.plist */,
				65BBB54E254369EA0034410E /* Preview Content */,
			);
			path = NSG_Metal_Render3D;
			sourceTree = "<group>";
		};
		65BBB54E254369EA0034410E /* Preview Content */ = {
			isa = PBXGroup;
			children = (
				65BBB54F254369EA0034410E /* Preview Assets.xcassets */,
			);
			path = "Preview Content";
			sourceTree = "<group>";
		};
		65BBB559254369EA0034410E /* NSG_Metal_Render3DTests */ = {
			isa = PBXGroup;
			children = (
				65BBB55A254369EA0034410E /* NSG_Metal_Render3DTests.swift */,
				65BBB55C254369EA0034410E /* Info.plist */,
			);
			path = NSG_Metal_Render3DTests;
			sourceTree = "<group>";
		};
		65BBB564254369EA0034410E /* NSG_Metal_Render3DUITests */ = {
			isa = PBXGroup;
			children = (
				65BBB565254369EA0034410E /* NSG_Metal_Render3DUITests.swift */,
				65BBB567254369EA0034410E /* Info.plist */,
			);
			path = NSG_Metal_Render3DUITests;
			sourceTree = "<group>";
		};
/* End PBXGroup section */

/* Begin PBXNativeTarget section */
		65BBB544254369E90034410E /* NSG_Metal_Render3D */ = {
			isa = PBXNativeTarget;
			buildConfigurationList = 65BBB56A254369EA0034410E /* Build configuration list for PBXNativeTarget "NSG_Metal_Render3D" */;
			buildPhases = (
				65BBB541254369E90034410E /* Sources */,
				65BBB542254369E90034410E /* Frameworks */,
				65BBB543254369E90034410E /* Resources */,
			);
			buildRules = (
			);
			dependencies = (
			);
			name = NSG_Metal_Render3D;
			productName = NSG_Metal_Render3D;
			productReference = 65BBB545254369E90034410E /* NSG_Metal_Render3D.app */;
			productType = "com.apple.product-type.application";
		};
		65BBB555254369EA0034410E /* NSG_Metal_Render3DTests */ = {
			isa = PBXNativeTarget;
			buildConfigurationList = 65BBB56D254369EA0034410E /* Build configuration list for PBXNativeTarget "NSG_Metal_Render3DTests" */;
			buildPhases = (
				65BBB552254369EA0034410E /* Sources */,
				65BBB553254369EA0034410E /* Frameworks */,
				65BBB554254369EA0034410E /* Resources */,
			);
			buildRules = (
			);
			dependencies = (
				65BBB558254369EA0034410E /* PBXTargetDependency */,
			);
			name = NSG_Metal_Render3DTests;
			productName = NSG_Metal_Render3DTests;
			productReference = 65BBB556254369EA0034410E /* NSG_Metal_Render3DTests.xctest */;
			productType = "com.apple.product-type.bundle.unit-test";
		};
		65BBB560254369EA0034410E /* NSG_Metal_Render3DUITests */ = {
			isa = PBXNativeTarget;
			buildConfigurationList = 65BBB570254369EA0034410E /* Build configuration list for PBXNativeTarget "NSG_Metal_Render3DUITests" */;
			buildPhases = (
				65BBB55D254369EA0034410E /* Sources */,
				65BBB55E254369EA0034410E /* Frameworks */,
				65BBB55F254369EA0034410E /* Resources */,
			);
			buildRules = (
			);
			dependencies = (
				65BBB563254369EA0034410E /* PBXTargetDependency */,
			);
			name = NSG_Metal_Render3DUITests;
			productName = NSG_Metal_Render3DUITests;
			productReference = 65BBB561254369EA0034410E /* NSG_Metal_Render3DUITests.xctest */;
			productType = "com.apple.product-type.bundle.ui-testing";
		};
/* End PBXNativeTarget section */

/* Begin PBXProject section */
		65BBB53D254369E90034410E /* Project object */ = {
			isa = PBXProject;
			attributes = {
				LastSwiftUpdateCheck = 1210;
				LastUpgradeCheck = 1210;
				TargetAttributes = {
					65BBB544254369E90034410E = {
						CreatedOnToolsVersion = 12.1;
					};
					65BBB555254369EA0034410E = {
						CreatedOnToolsVersion = 12.1;
						TestTargetID = 65BBB544254369E90034410E;
					};
					65BBB560254369EA0034410E = {
						CreatedOnToolsVersion = 12.1;
						TestTargetID = 65BBB544254369E90034410E;
					};
				};
			};
			buildConfigurationList = 65BBB540254369E90034410E /* Build configuration list for PBXProject "NSG_Metal_Render3D" */;
			compatibilityVersion = "Xcode 9.3";
			developmentRegion = en;
			hasScannedForEncodings = 0;
			knownRegions = (
				en,
				Base,
			);
			mainGroup = 65BBB53C254369E90034410E;
			productRefGroup = 65BBB546254369E90034410E /* Products */;
			projectDirPath = "";
			projectRoot = "";
			targets = (
				65BBB544254369E90034410E /* NSG_Metal_Render3D */,
				65BBB555254369EA0034410E /* NSG_Metal_Render3DTests */,
				65BBB560254369EA0034410E /* NSG_Metal_Render3DUITests */,
			);
		};
/* End PBXProject section */

/* Begin PBXResourcesBuildPhase section */
		65BBB543254369E90034410E /* Resources */ = {
			isa = PBXResourcesBuildPhase;
			buildActionMask = 2147483647;
			files = (
				65BBB550254369EA0034410E /* Preview Assets.xcassets in Resources */,
				65BBB57725436A6F0034410E /* main.storyboard in Resources */,
				65BBB54D254369EA0034410E /* Assets.xcassets in Resources */,
			);
			runOnlyForDeploymentPostprocessing = 0;
		};
		65BBB554254369EA0034410E /* Resources */ = {
			isa = PBXResourcesBuildPhase;
			buildActionMask = 2147483647;
			files = (
			);
			runOnlyForDeploymentPostprocessing = 0;
		};
		65BBB55F254369EA0034410E /* Resources */ = {
			isa = PBXResourcesBuildPhase;
			buildActionMask = 2147483647;
			files = (
			);
			runOnlyForDeploymentPostprocessing = 0;
		};
/* End PBXResourcesBuildPhase section */

/* Begin PBXSourcesBuildPhase section */
		65BBB541254369E90034410E /* Sources */ = {
			isa = PBXSourcesBuildPhase;
			buildActionMask = 2147483647;
			files = (
				6565E0332546315600E875D3 /* MainView.swift in Sources */,
				65371AB025460B54004ED9CD /* MetalView.swift in Sources */,
				65BBB54B254369E90034410E /* LoginView.swift in Sources */,
				6565E05C25465B2200E875D3 /* NetworkManager.swift in Sources */,
				65BBB549254369E90034410E /* NSG_Metal_Render3DApp.swift in Sources */,
				65371AAA25460AF5004ED9CD /* ScanSelectionView.swift in Sources */,
				6565E03D2546385B00E875D3 /* Models.swift in Sources */,
			);
			runOnlyForDeploymentPostprocessing = 0;
		};
		65BBB552254369EA0034410E /* Sources */ = {
			isa = PBXSourcesBuildPhase;
			buildActionMask = 2147483647;
			files = (
				65BBB55B254369EA0034410E /* NSG_Metal_Render3DTests.swift in Sources */,
			);
			runOnlyForDeploymentPostprocessing = 0;
		};
		65BBB55D254369EA0034410E /* Sources */ = {
			isa = PBXSourcesBuildPhase;
			buildActionMask = 2147483647;
			files = (
				65BBB566254369EA0034410E /* NSG_Metal_Render3DUITests.swift in Sources */,
			);
			runOnlyForDeploymentPostprocessing = 0;
		};
/* End PBXSourcesBuildPhase section */

/* Begin PBXTargetDependency section */
		65BBB558254369EA0034410E /* PBXTargetDependency */ = {
			isa = PBXTargetDependency;
			target = 65BBB544254369E90034410E /* NSG_Metal_Render3D */;
			targetProxy = 65BBB557254369EA0034410E /* PBXContainerItemProxy */;
		};
		65BBB563254369EA0034410E /* PBXTargetDependency */ = {
			isa = PBXTargetDependency;
			target = 65BBB544254369E90034410E /* NSG_Metal_Render3D */;
			targetProxy = 65BBB562254369EA0034410E /* PBXContainerItemProxy */;
		};
/* End PBXTargetDependency section */

/* Begin XCBuildConfiguration section */
		65BBB568254369EA0034410E /* Debug */ = {
			isa = XCBuildConfiguration;
			buildSettings = {
				ALWAYS_SEARCH_USER_PATHS = NO;
				CLANG_ANALYZER_NONNULL = YES;
				CLANG_ANALYZER_NUMBER_OBJECT_CONVERSION = YES_AGGRESSIVE;
				CLANG_CXX_LANGUAGE_STANDARD = "gnu++14";
				CLANG_CXX_LIBRARY = "libc++";
				CLANG_ENABLE_MODULES = YES;
				CLANG_ENABLE_OBJC_ARC = YES;
				CLANG_ENABLE_OBJC_WEAK = YES;
				CLANG_WARN_BLOCK_CAPTURE_AUTORELEASING = YES;
				CLANG_WARN_BOOL_CONVERSION = YES;
				CLANG_WARN_COMMA = YES;
				CLANG_WARN_CONSTANT_CONVERSION = YES;
				CLANG_WARN_DEPRECATED_OBJC_IMPLEMENTATIONS = YES;
				CLANG_WARN_DIRECT_OBJC_ISA_USAGE = YES_ERROR;
				CLANG_WARN_DOCUMENTATION_COMMENTS = YES;
				CLANG_WARN_EMPTY_BODY = YES;
				CLANG_WARN_ENUM_CONVERSION = YES;
				CLANG_WARN_INFINITE_RECURSION = YES;
				CLANG_WARN_INT_CONVERSION = YES;
				CLANG_WARN_NON_LITERAL_NULL_CONVERSION = YES;
				CLANG_WARN_OBJC_IMPLICIT_RETAIN_SELF = YES;
				CLANG_WARN_OBJC_LITERAL_CONVERSION = YES;
				CLANG_WARN_OBJC_ROOT_CLASS = YES_ERROR;
				CLANG_WARN_QUOTED_INCLUDE_IN_FRAMEWORK_HEADER = YES;
				CLANG_WARN_RANGE_LOOP_ANALYSIS = YES;
				CLANG_WARN_STRICT_PROTOTYPES = YES;
				CLANG_WARN_SUSPICIOUS_MOVE = YES;
				CLANG_WARN_UNGUARDED_AVAILABILITY = YES_AGGRESSIVE;
				CLANG_WARN_UNREACHABLE_CODE = YES;
				CLANG_WARN__DUPLICATE_METHOD_MATCH = YES;
				COPY_PHASE_STRIP = NO;
				DEBUG_INFORMATION_FORMAT = dwarf;
				ENABLE_STRICT_OBJC_MSGSEND = YES;
				ENABLE_TESTABILITY = YES;
				GCC_C_LANGUAGE_STANDARD = gnu11;
				GCC_DYNAMIC_NO_PIC = NO;
				GCC_NO_COMMON_BLOCKS = YES;
				GCC_OPTIMIZATION_LEVEL = 0;
				GCC_PREPROCESSOR_DEFINITIONS = (
					"DEBUG=1",
					"$(inherited)",
				);
				GCC_WARN_64_TO_32_BIT_CONVERSION = YES;
				GCC_WARN_ABOUT_RETURN_TYPE = YES_ERROR;
				GCC_WARN_UNDECLARED_SELECTOR = YES;
				GCC_WARN_UNINITIALIZED_AUTOS = YES_AGGRESSIVE;
				GCC_WARN_UNUSED_FUNCTION = YES;
				GCC_WARN_UNUSED_VARIABLE = YES;
				IPHONEOS_DEPLOYMENT_TARGET = 14.1;
				MTL_ENABLE_DEBUG_INFO = INCLUDE_SOURCE;
				MTL_FAST_MATH = YES;
				ONLY_ACTIVE_ARCH = YES;
				SDKROOT = iphoneos;
				SWIFT_ACTIVE_COMPILATION_CONDITIONS = DEBUG;
				SWIFT_OPTIMIZATION_LEVEL = "-Onone";
			};
			name = Debug;
		};
		65BBB569254369EA0034410E /* Release */ = {
			isa = XCBuildConfiguration;
			buildSettings = {
				ALWAYS_SEARCH_USER_PATHS = NO;
				CLANG_ANALYZER_NONNULL = YES;
				CLANG_ANALYZER_NUMBER_OBJECT_CONVERSION = YES_AGGRESSIVE;
				CLANG_CXX_LANGUAGE_STANDARD = "gnu++14";
				CLANG_CXX_LIBRARY = "libc++";
				CLANG_ENABLE_MODULES = YES;
				CLANG_ENABLE_OBJC_ARC = YES;
				CLANG_ENABLE_OBJC_WEAK = YES;
				CLANG_WARN_BLOCK_CAPTURE_AUTORELEASING = YES;
				CLANG_WARN_BOOL_CONVERSION = YES;
				CLANG_WARN_COMMA = YES;
				CLANG_WARN_CONSTANT_CONVERSION = YES;
				CLANG_WARN_DEPRECATED_OBJC_IMPLEMENTATIONS = YES;
				CLANG_WARN_DIRECT_OBJC_ISA_USAGE = YES_ERROR;
				CLANG_WARN_DOCUMENTATION_COMMENTS = YES;
				CLANG_WARN_EMPTY_BODY = YES;
				CLANG_WARN_ENUM_CONVERSION = YES;
				CLANG_WARN_INFINITE_RECURSION = YES;
				CLANG_WARN_INT_CONVERSION = YES;
				CLANG_WARN_NON_LITERAL_NULL_CONVERSION = YES;
				CLANG_WARN_OBJC_IMPLICIT_RETAIN_SELF = YES;
				CLANG_WARN_OBJC_LITERAL_CONVERSION = YES;
				CLANG_WARN_OBJC_ROOT_CLASS = YES_ERROR;
				CLANG_WARN_QUOTED_INCLUDE_IN_FRAMEWORK_HEADER = YES;
				CLANG_WARN_RANGE_LOOP_ANALYSIS = YES;
				CLANG_WARN_STRICT_PROTOTYPES = YES;
				CLANG_WARN_SUSPICIOUS_MOVE = YES;
				CLANG_WARN_UNGUARDED_AVAILABILITY = YES_AGGRESSIVE;
				CLANG_WARN_UNREACHABLE_CODE = YES;
				CLANG_WARN__DUPLICATE_METHOD_MATCH = YES;
				COPY_PHASE_STRIP = NO;
				DEBUG_INFORMATION_FORMAT = "dwarf-with-dsym";
				ENABLE_NS_ASSERTIONS = NO;
				ENABLE_STRICT_OBJC_MSGSEND = YES;
				GCC_C_LANGUAGE_STANDARD = gnu11;
				GCC_NO_COMMON_BLOCKS = YES;
				GCC_WARN_64_TO_32_BIT_CONVERSION = YES;
				GCC_WARN_ABOUT_RETURN_TYPE = YES_ERROR;
				GCC_WARN_UNDECLARED_SELECTOR = YES;
				GCC_WARN_UNINITIALIZED_AUTOS = YES_AGGRESSIVE;
				GCC_WARN_UNUSED_FUNCTION = YES;
				GCC_WARN_UNUSED_VARIABLE = YES;
				IPHONEOS_DEPLOYMENT_TARGET = 14.1;
				MTL_ENABLE_DEBUG_INFO = NO;
				MTL_FAST_MATH = YES;
				SDKROOT = iphoneos;
				SWIFT_COMPILATION_MODE = wholemodule;
				SWIFT_OPTIMIZATION_LEVEL = "-O";
				VALIDATE_PRODUCT = YES;
			};
			name = Release;
		};
		65BBB56B254369EA0034410E /* Debug */ = {
			isa = XCBuildConfiguration;
			buildSettings = {
				ASSETCATALOG_COMPILER_APPICON_NAME = AppIcon;
				ASSETCATALOG_COMPILER_GLOBAL_ACCENT_COLOR_NAME = AccentColor;
				CODE_SIGN_STYLE = Automatic;
				DEVELOPMENT_ASSET_PATHS = "\"NSG_Metal_Render3D/Preview Content\"";
				DEVELOPMENT_TEAM = PK6J2MTG7J;
				ENABLE_PREVIEWS = YES;
				INFOPLIST_FILE = NSG_Metal_Render3D/Info.plist;
				IPHONEOS_DEPLOYMENT_TARGET = 14.0;
				LD_RUNPATH_SEARCH_PATHS = (
					"$(inherited)",
					"@executable_path/Frameworks",
				);
				PRODUCT_BUNDLE_IDENTIFIER = "com.danielwilliamson.NSG-Metal-Render3D";
				PRODUCT_NAME = "$(TARGET_NAME)";
				SWIFT_VERSION = 5.0;
				TARGETED_DEVICE_FAMILY = "1,2";
			};
			name = Debug;
		};
		65BBB56C254369EA0034410E /* Release */ = {
			isa = XCBuildConfiguration;
			buildSettings = {
				ASSETCATALOG_COMPILER_APPICON_NAME = AppIcon;
				ASSETCATALOG_COMPILER_GLOBAL_ACCENT_COLOR_NAME = AccentColor;
				CODE_SIGN_STYLE = Automatic;
				DEVELOPMENT_ASSET_PATHS = "\"NSG_Metal_Render3D/Preview Content\"";
				DEVELOPMENT_TEAM = PK6J2MTG7J;
				ENABLE_PREVIEWS = YES;
				INFOPLIST_FILE = NSG_Metal_Render3D/Info.plist;
				IPHONEOS_DEPLOYMENT_TARGET = 14.0;
				LD_RUNPATH_SEARCH_PATHS = (
					"$(inherited)",
					"@executable_path/Frameworks",
				);
				PRODUCT_BUNDLE_IDENTIFIER = "com.danielwilliamson.NSG-Metal-Render3D";
				PRODUCT_NAME = "$(TARGET_NAME)";
				SWIFT_VERSION = 5.0;
				TARGETED_DEVICE_FAMILY = "1,2";
			};
			name = Release;
		};
		65BBB56E254369EA0034410E /* Debug */ = {
			isa = XCBuildConfiguration;
			buildSettings = {
				ALWAYS_EMBED_SWIFT_STANDARD_LIBRARIES = YES;
				BUNDLE_LOADER = "$(TEST_HOST)";
				CODE_SIGN_STYLE = Automatic;
				DEVELOPMENT_TEAM = PK6J2MTG7J;
				INFOPLIST_FILE = NSG_Metal_Render3DTests/Info.plist;
				IPHONEOS_DEPLOYMENT_TARGET = 14.0;
				LD_RUNPATH_SEARCH_PATHS = (
					"$(inherited)",
					"@executable_path/Frameworks",
					"@loader_path/Frameworks",
				);
				PRODUCT_BUNDLE_IDENTIFIER = "com.danielwilliamson.NSG-Metal-Render3DTests";
				PRODUCT_NAME = "$(TARGET_NAME)";
				SWIFT_VERSION = 5.0;
				TARGETED_DEVICE_FAMILY = "1,2";
				TEST_HOST = "$(BUILT_PRODUCTS_DIR)/NSG_Metal_Render3D.app/NSG_Metal_Render3D";
			};
			name = Debug;
		};
		65BBB56F254369EA0034410E /* Release */ = {
			isa = XCBuildConfiguration;
			buildSettings = {
				ALWAYS_EMBED_SWIFT_STANDARD_LIBRARIES = YES;
				BUNDLE_LOADER = "$(TEST_HOST)";
				CODE_SIGN_STYLE = Automatic;
				DEVELOPMENT_TEAM = PK6J2MTG7J;
				INFOPLIST_FILE = NSG_Metal_Render3DTests/Info.plist;
				IPHONEOS_DEPLOYMENT_TARGET = 14.0;
				LD_RUNPATH_SEARCH_PATHS = (
					"$(inherited)",
					"@executable_path/Frameworks",
					"@loader_path/Frameworks",
				);
				PRODUCT_BUNDLE_IDENTIFIER = "com.danielwilliamson.NSG-Metal-Render3DTests";
				PRODUCT_NAME = "$(TARGET_NAME)";
				SWIFT_VERSION = 5.0;
				TARGETED_DEVICE_FAMILY = "1,2";
				TEST_HOST = "$(BUILT_PRODUCTS_DIR)/NSG_Metal_Render3D.app/NSG_Metal_Render3D";
			};
			name = Release;
		};
		65BBB571254369EA0034410E /* Debug */ = {
			isa = XCBuildConfiguration;
			buildSettings = {
				ALWAYS_EMBED_SWIFT_STANDARD_LIBRARIES = YES;
				CODE_SIGN_STYLE = Automatic;
				DEVELOPMENT_TEAM = PK6J2MTG7J;
				INFOPLIST_FILE = NSG_Metal_Render3DUITests/Info.plist;
				LD_RUNPATH_SEARCH_PATHS = (
					"$(inherited)",
					"@executable_path/Frameworks",
					"@loader_path/Frameworks",
				);
				PRODUCT_BUNDLE_IDENTIFIER = "com.danielwilliamson.NSG-Metal-Render3DUITests";
				PRODUCT_NAME = "$(TARGET_NAME)";
				SWIFT_VERSION = 5.0;
				TARGETED_DEVICE_FAMILY = "1,2";
				TEST_TARGET_NAME = NSG_Metal_Render3D;
			};
			name = Debug;
		};
		65BBB572254369EA0034410E /* Release */ = {
			isa = XCBuildConfiguration;
			buildSettings = {
				ALWAYS_EMBED_SWIFT_STANDARD_LIBRARIES = YES;
				CODE_SIGN_STYLE = Automatic;
				DEVELOPMENT_TEAM = PK6J2MTG7J;
				INFOPLIST_FILE = NSG_Metal_Render3DUITests/Info.plist;
				LD_RUNPATH_SEARCH_PATHS = (
					"$(inherited)",
					"@executable_path/Frameworks",
					"@loader_path/Frameworks",
				);
				PRODUCT_BUNDLE_IDENTIFIER = "com.danielwilliamson.NSG-Metal-Render3DUITests";
				PRODUCT_NAME = "$(TARGET_NAME)";
				SWIFT_VERSION = 5.0;
				TARGETED_DEVICE_FAMILY = "1,2";
				TEST_TARGET_NAME = NSG_Metal_Render3D;
			};
			name = Release;
		};
/* End XCBuildConfiguration section */

/* Begin XCConfigurationList section */
		65BBB540254369E90034410E /* Build configuration list for PBXProject "NSG_Metal_Render3D" */ = {
			isa = XCConfigurationList;
			buildConfigurations = (
				65BBB568254369EA0034410E /* Debug */,
				65BBB569254369EA0034410E /* Release */,
			);
			defaultConfigurationIsVisible = 0;
			defaultConfigurationName = Release;
		};
		65BBB56A254369EA0034410E /* Build configuration list for PBXNativeTarget "NSG_Metal_Render3D" */ = {
			isa = XCConfigurationList;
			buildConfigurations = (
				65BBB56B254369EA0034410E /* Debug */,
				65BBB56C254369EA0034410E /* Release */,
			);
			defaultConfigurationIsVisible = 0;
			defaultConfigurationName = Release;
		};
		65BBB56D254369EA0034410E /* Build configuration list for PBXNativeTarget "NSG_Metal_Render3DTests" */ = {
			isa = XCConfigurationList;
			buildConfigurations = (
				65BBB56E254369EA0034410E /* Debug */,
				65BBB56F254369EA0034410E /* Release */,
			);
			defaultConfigurationIsVisible = 0;
			defaultConfigurationName = Release;
		};
		65BBB570254369EA0034410E /* Build configuration list for PBXNativeTarget "NSG_Metal_Render3DUITests" */ = {
			isa = XCConfigurationList;
			buildConfigurations = (
				65BBB571254369EA0034410E /* Debug */,
				65BBB572254369EA0034410E /* Release */,
			);
			defaultConfigurationIsVisible = 0;
			defaultConfigurationName = Release;
		};
/* End XCConfigurationList section */
	};
	rootObject = 65BBB53D254369E90034410E /* Project object */;
}
